
Microsoft Visual Studio Solution File, Format Version 12.00
# Visual Studio Version 17
VisualStudioVersion = 17.13.35828.75 d17.13
MinimumVisualStudioVersion = 10.0.40219.1
Project("{FAE04EC0-301F-11D3-BF4B-00C04F79EFBC}") = "Kuznecov_Vahrusheva_Lab2", "Kuznecov_Vahrusheva_Lab2.csproj", "{3CF9C440-97B3-463A-B782-D599141B5F6F}"
EndProject
Project("{FAE04EC0-301F-11D3-BF4B-00C04F79EFBC}") = "ifelse", "..\ifelse\ifelse.csproj", "{266C20FE-DF59-4605-8719-0CB5A9AFA4C0}"
EndProject
Global
	GlobalSection(SolutionConfigurationPlatforms) = preSolution
		Debug|Any CPU = Debug|Any CPU
		Release|Any CPU = Release|Any CPU
	EndGlobalSection
	GlobalSection(ProjectConfigurationPlatforms) = postSolution
		{3CF9C440-97B3-463A-B782-D599141B5F6F}.Debug|Any CPU.ActiveCfg = Debug|Any CPU
		{3CF9C440-97B3-463A-B782-D599141B5F6F}.Debug|Any CPU.Build.0 = Debug|Any CPU
		{3CF9C440-97B3-463A-B782-D599141B5F6F}.Release|Any CPU.ActiveCfg = Release|Any CPU
		{3CF9C440-97B3-463A-B782-D599141B5F6F}.Release|Any CPU.Build.0 = Release|Any CPU
		{266C20FE-DF59-4605-8719-0CB5A9AFA4C0}.Debug|Any CPU.ActiveCfg = Debug|Any CPU
		{266C20FE-DF59-4605-8719-0CB5A9AFA4C0}.Debug|Any CPU.Build.0 = Debug|Any CPU
		{266C20FE-DF59-4605-8719-0CB5A9AFA4C0}.Release|Any CPU.ActiveCfg = Release|Any CPU
		{266C20FE-DF59-4605-8719-0CB5A9AFA4C0}.Release|Any CPU.Build.0 = Release|Any CPU
	EndGlobalSection
	GlobalSection(SolutionProperties) = preSolution
		HideSolutionNode = FALSE
	EndGlobalSection
	GlobalSection(ExtensibilityGlobals) = postSolution
		SolutionGuid = {5E3558C1-6391-4EAA-8F16-41A63A7A705E}
	EndGlobalSection
EndGlobal
